
Microsoft Visual Studio Solution File, Format Version 12.00
# Visual Studio Version 17
VisualStudioVersion = 17.6.33815.320
MinimumVisualStudioVersion = 10.0.40219.1
Project("{2150E333-8FDC-42A3-9474-1A3956D46DE8}") = "Blazor", "Blazor", "{04DAC3BA-4434-4084-9F86-07931BF14796}"
EndProject
Project("{2150E333-8FDC-42A3-9474-1A3956D46DE8}") = "EntityFramework", "EntityFramework", "{917B2B93-11DF-4A72-86F9-B68D41178E58}"
EndProject
Project("{9A19103F-16F7-4668-BE54-9A1E7A4F7556}") = "Templates.Blazor.EF.API", "Blazor\EntityFramework\API\Templates.Blazor.EF.API.csproj", "{326A5ACE-41D3-4E65-9B10-2D63BF33A310}"
EndProject
Project("{9A19103F-16F7-4668-BE54-9A1E7A4F7556}") = "Templates.Blazor.EF.Shared", "Blazor\EntityFramework\Shared\Templates.Blazor.EF.Shared.csproj", "{562149D4-2E11-4868-B894-5B76806CC43C}"
EndProject
Project("{9A19103F-16F7-4668-BE54-9A1E7A4F7556}") = "Templates.Blazor.EF.UI", "Blazor\EntityFramework\UI\Templates.Blazor.EF.UI.csproj", "{81F900D6-6F99-4A7A-9D67-79189CB23486}"
EndProject
Project("{FAE04EC0-301F-11D3-BF4B-00C04F79EFBC}") = "Templates.Blazor.EF.VSIX", "Blazor\EntityFramework.VSIX\Templates.Blazor.EF.VSIX.csproj", "{FEA34A08-73D9-42E1-8E75-135DFFF1161C}"
EndProject
Project("{2150E333-8FDC-42A3-9474-1A3956D46DE8}") = "NHibernate", "NHibernate", "{457525CC-571A-4E81-83F8-D13F94FEAA3F}"
EndProject
Project("{9A19103F-16F7-4668-BE54-9A1E7A4F7556}") = "Templates.Blazor.NH.API", "Blazor\NHibernate\API\Templates.Blazor.NH.API.csproj", "{30FB4E8B-BE0B-4160-A4E2-3FA2D44F32C5}"
EndProject
Project("{9A19103F-16F7-4668-BE54-9A1E7A4F7556}") = "Templates.Blazor.NH.Shared", "Blazor\NHibernate\Shared\Templates.Blazor.NH.Shared.csproj", "{26F3E4DF-7E7E-4352-8396-7E98DEF47DC7}"
EndProject
Project("{9A19103F-16F7-4668-BE54-9A1E7A4F7556}") = "Templates.Blazor.NH.UI", "Blazor\NHibernate\UI\Templates.Blazor.NH.UI.csproj", "{B3BEC200-6469-48ED-9C5A-2515EBAC31D7}"
EndProject
Project("{FAE04EC0-301F-11D3-BF4B-00C04F79EFBC}") = "Templates.Blazor.NH.VSIX", "Blazor\NHibernate.VSIX\Templates.Blazor.NH.VSIX.csproj", "{74FC914F-A376-4B87-82BD-D2B483911400}"
EndProject
Project("{2150E333-8FDC-42A3-9474-1A3956D46DE8}") = "WebAPI", "WebAPI", "{06554CBC-C07C-4375-8660-ACB25B248156}"
EndProject
Project("{2150E333-8FDC-42A3-9474-1A3956D46DE8}") = "EntityFramework", "EntityFramework", "{D034179A-4849-4774-B68C-8BF7F8412582}"
EndProject
Project("{2150E333-8FDC-42A3-9474-1A3956D46DE8}") = "NHibernate", "NHibernate", "{9F360682-C7E9-49BB-B77A-1DC4A2352E45}"
EndProject
Project("{9A19103F-16F7-4668-BE54-9A1E7A4F7556}") = "Templates.WebAPI.EF", "WebAPI\EntityFramework\Templates.WebAPI.EF.csproj", "{9C9DD839-FD75-48F9-B3EF-70D23638DA3C}"
EndProject
Project("{FAE04EC0-301F-11D3-BF4B-00C04F79EFBC}") = "Templates.WebAPI.EF.VSIX", "WebAPI\EntityFramework.VSIX\Templates.WebAPI.EF.VSIX.csproj", "{8FAFE51E-5776-408C-A63B-0488ADD64D22}"
EndProject
Project("{9A19103F-16F7-4668-BE54-9A1E7A4F7556}") = "Templates.WebAPI.NH", "WebAPI\NHibernate\Templates.WebAPI.NH.csproj", "{9B1D6B12-E9F5-4E81-BC08-35B5E91636C4}"
EndProject
Project("{FAE04EC0-301F-11D3-BF4B-00C04F79EFBC}") = "Templates.WebAPI.NH.VSIX", "WebAPI\NHibernate.VSIX\Templates.WebAPI.NH.VSIX.csproj", "{36EFE2AF-2CF0-456B-AD9E-89AB8CE04514}"
EndProject
Global
	GlobalSection(SolutionConfigurationPlatforms) = preSolution
		Debug|Any CPU = Debug|Any CPU
		Debug|arm64 = Debug|arm64
		Debug|x86 = Debug|x86
		Release|Any CPU = Release|Any CPU
		Release|arm64 = Release|arm64
		Release|x86 = Release|x86
	EndGlobalSection
	GlobalSection(ProjectConfigurationPlatforms) = postSolution
		{326A5ACE-41D3-4E65-9B10-2D63BF33A310}.Debug|Any CPU.ActiveCfg = Debug|Any CPU
		{326A5ACE-41D3-4E65-9B10-2D63BF33A310}.Debug|Any CPU.Build.0 = Debug|Any CPU
		{326A5ACE-41D3-4E65-9B10-2D63BF33A310}.Debug|arm64.ActiveCfg = Debug|Any CPU
		{326A5ACE-41D3-4E65-9B10-2D63BF33A310}.Debug|arm64.Build.0 = Debug|Any CPU
		{326A5ACE-41D3-4E65-9B10-2D63BF33A310}.Debug|x86.ActiveCfg = Debug|Any CPU
		{326A5ACE-41D3-4E65-9B10-2D63BF33A310}.Debug|x86.Build.0 = Debug|Any CPU
		{326A5ACE-41D3-4E65-9B10-2D63BF33A310}.Release|Any CPU.ActiveCfg = Release|Any CPU
		{326A5ACE-41D3-4E65-9B10-2D63BF33A310}.Release|Any CPU.Build.0 = Release|Any CPU
		{326A5ACE-41D3-4E65-9B10-2D63BF33A310}.Release|arm64.ActiveCfg = Release|Any CPU
		{326A5ACE-41D3-4E65-9B10-2D63BF33A310}.Release|arm64.Build.0 = Release|Any CPU
		{326A5ACE-41D3-4E65-9B10-2D63BF33A310}.Release|x86.ActiveCfg = Release|Any CPU
		{326A5ACE-41D3-4E65-9B10-2D63BF33A310}.Release|x86.Build.0 = Release|Any CPU
		{562149D4-2E11-4868-B894-5B76806CC43C}.Debug|Any CPU.ActiveCfg = Debug|Any CPU
		{562149D4-2E11-4868-B894-5B76806CC43C}.Debug|Any CPU.Build.0 = Debug|Any CPU
		{562149D4-2E11-4868-B894-5B76806CC43C}.Debug|arm64.ActiveCfg = Debug|Any CPU
		{562149D4-2E11-4868-B894-5B76806CC43C}.Debug|arm64.Build.0 = Debug|Any CPU
		{562149D4-2E11-4868-B894-5B76806CC43C}.Debug|x86.ActiveCfg = Debug|Any CPU
		{562149D4-2E11-4868-B894-5B76806CC43C}.Debug|x86.Build.0 = Debug|Any CPU
		{562149D4-2E11-4868-B894-5B76806CC43C}.Release|Any CPU.ActiveCfg = Release|Any CPU
		{562149D4-2E11-4868-B894-5B76806CC43C}.Release|Any CPU.Build.0 = Release|Any CPU
		{562149D4-2E11-4868-B894-5B76806CC43C}.Release|arm64.ActiveCfg = Release|Any CPU
		{562149D4-2E11-4868-B894-5B76806CC43C}.Release|arm64.Build.0 = Release|Any CPU
		{562149D4-2E11-4868-B894-5B76806CC43C}.Release|x86.ActiveCfg = Release|Any CPU
		{562149D4-2E11-4868-B894-5B76806CC43C}.Release|x86.Build.0 = Release|Any CPU
		{81F900D6-6F99-4A7A-9D67-79189CB23486}.Debug|Any CPU.ActiveCfg = Debug|Any CPU
		{81F900D6-6F99-4A7A-9D67-79189CB23486}.Debug|Any CPU.Build.0 = Debug|Any CPU
		{81F900D6-6F99-4A7A-9D67-79189CB23486}.Debug|arm64.ActiveCfg = Debug|Any CPU
		{81F900D6-6F99-4A7A-9D67-79189CB23486}.Debug|arm64.Build.0 = Debug|Any CPU
		{81F900D6-6F99-4A7A-9D67-79189CB23486}.Debug|x86.ActiveCfg = Debug|Any CPU
		{81F900D6-6F99-4A7A-9D67-79189CB23486}.Debug|x86.Build.0 = Debug|Any CPU
		{81F900D6-6F99-4A7A-9D67-79189CB23486}.Release|Any CPU.ActiveCfg = Release|Any CPU
		{81F900D6-6F99-4A7A-9D67-79189CB23486}.Release|Any CPU.Build.0 = Release|Any CPU
		{81F900D6-6F99-4A7A-9D67-79189CB23486}.Release|arm64.ActiveCfg = Release|Any CPU
		{81F900D6-6F99-4A7A-9D67-79189CB23486}.Release|arm64.Build.0 = Release|Any CPU
		{81F900D6-6F99-4A7A-9D67-79189CB23486}.Release|x86.ActiveCfg = Release|Any CPU
		{81F900D6-6F99-4A7A-9D67-79189CB23486}.Release|x86.Build.0 = Release|Any CPU
		{FEA34A08-73D9-42E1-8E75-135DFFF1161C}.Debug|Any CPU.ActiveCfg = Debug|Any CPU
		{FEA34A08-73D9-42E1-8E75-135DFFF1161C}.Debug|Any CPU.Build.0 = Debug|Any CPU
		{FEA34A08-73D9-42E1-8E75-135DFFF1161C}.Debug|arm64.ActiveCfg = Debug|arm64
		{FEA34A08-73D9-42E1-8E75-135DFFF1161C}.Debug|arm64.Build.0 = Debug|arm64
		{FEA34A08-73D9-42E1-8E75-135DFFF1161C}.Debug|x86.ActiveCfg = Debug|x86
		{FEA34A08-73D9-42E1-8E75-135DFFF1161C}.Debug|x86.Build.0 = Debug|x86
		{FEA34A08-73D9-42E1-8E75-135DFFF1161C}.Release|Any CPU.ActiveCfg = Release|Any CPU
		{FEA34A08-73D9-42E1-8E75-135DFFF1161C}.Release|Any CPU.Build.0 = Release|Any CPU
		{FEA34A08-73D9-42E1-8E75-135DFFF1161C}.Release|arm64.ActiveCfg = Release|arm64
		{FEA34A08-73D9-42E1-8E75-135DFFF1161C}.Release|arm64.Build.0 = Release|arm64
		{FEA34A08-73D9-42E1-8E75-135DFFF1161C}.Release|x86.ActiveCfg = Release|x86
		{FEA34A08-73D9-42E1-8E75-135DFFF1161C}.Release|x86.Build.0 = Release|x86
		{30FB4E8B-BE0B-4160-A4E2-3FA2D44F32C5}.Debug|Any CPU.ActiveCfg = Debug|Any CPU
		{30FB4E8B-BE0B-4160-A4E2-3FA2D44F32C5}.Debug|Any CPU.Build.0 = Debug|Any CPU
		{30FB4E8B-BE0B-4160-A4E2-3FA2D44F32C5}.Debug|arm64.ActiveCfg = Debug|Any CPU
		{30FB4E8B-BE0B-4160-A4E2-3FA2D44F32C5}.Debug|arm64.Build.0 = Debug|Any CPU
		{30FB4E8B-BE0B-4160-A4E2-3FA2D44F32C5}.Debug|x86.ActiveCfg = Debug|Any CPU
		{30FB4E8B-BE0B-4160-A4E2-3FA2D44F32C5}.Debug|x86.Build.0 = Debug|Any CPU
		{30FB4E8B-BE0B-4160-A4E2-3FA2D44F32C5}.Release|Any CPU.ActiveCfg = Release|Any CPU
		{30FB4E8B-BE0B-4160-A4E2-3FA2D44F32C5}.Release|Any CPU.Build.0 = Release|Any CPU
		{30FB4E8B-BE0B-4160-A4E2-3FA2D44F32C5}.Release|arm64.ActiveCfg = Release|Any CPU
		{30FB4E8B-BE0B-4160-A4E2-3FA2D44F32C5}.Release|arm64.Build.0 = Release|Any CPU
		{30FB4E8B-BE0B-4160-A4E2-3FA2D44F32C5}.Release|x86.ActiveCfg = Release|Any CPU
		{30FB4E8B-BE0B-4160-A4E2-3FA2D44F32C5}.Release|x86.Build.0 = Release|Any CPU
		{26F3E4DF-7E7E-4352-8396-7E98DEF47DC7}.Debug|Any CPU.ActiveCfg = Debug|Any CPU
		{26F3E4DF-7E7E-4352-8396-7E98DEF47DC7}.Debug|Any CPU.Build.0 = Debug|Any CPU
		{26F3E4DF-7E7E-4352-8396-7E98DEF47DC7}.Debug|arm64.ActiveCfg = Debug|Any CPU
		{26F3E4DF-7E7E-4352-8396-7E98DEF47DC7}.Debug|arm64.Build.0 = Debug|Any CPU
		{26F3E4DF-7E7E-4352-8396-7E98DEF47DC7}.Debug|x86.ActiveCfg = Debug|Any CPU
		{26F3E4DF-7E7E-4352-8396-7E98DEF47DC7}.Debug|x86.Build.0 = Debug|Any CPU
		{26F3E4DF-7E7E-4352-8396-7E98DEF47DC7}.Release|Any CPU.ActiveCfg = Release|Any CPU
		{26F3E4DF-7E7E-4352-8396-7E98DEF47DC7}.Release|Any CPU.Build.0 = Release|Any CPU
		{26F3E4DF-7E7E-4352-8396-7E98DEF47DC7}.Release|arm64.ActiveCfg = Release|Any CPU
		{26F3E4DF-7E7E-4352-8396-7E98DEF47DC7}.Release|arm64.Build.0 = Release|Any CPU
		{26F3E4DF-7E7E-4352-8396-7E98DEF47DC7}.Release|x86.ActiveCfg = Release|Any CPU
		{26F3E4DF-7E7E-4352-8396-7E98DEF47DC7}.Release|x86.Build.0 = Release|Any CPU
		{B3BEC200-6469-48ED-9C5A-2515EBAC31D7}.Debug|Any CPU.ActiveCfg = Debug|Any CPU
		{B3BEC200-6469-48ED-9C5A-2515EBAC31D7}.Debug|Any CPU.Build.0 = Debug|Any CPU
		{B3BEC200-6469-48ED-9C5A-2515EBAC31D7}.Debug|arm64.ActiveCfg = Debug|Any CPU
		{B3BEC200-6469-48ED-9C5A-2515EBAC31D7}.Debug|arm64.Build.0 = Debug|Any CPU
		{B3BEC200-6469-48ED-9C5A-2515EBAC31D7}.Debug|x86.ActiveCfg = Debug|Any CPU
		{B3BEC200-6469-48ED-9C5A-2515EBAC31D7}.Debug|x86.Build.0 = Debug|Any CPU
		{B3BEC200-6469-48ED-9C5A-2515EBAC31D7}.Release|Any CPU.ActiveCfg = Release|Any CPU
		{B3BEC200-6469-48ED-9C5A-2515EBAC31D7}.Release|Any CPU.Build.0 = Release|Any CPU
		{B3BEC200-6469-48ED-9C5A-2515EBAC31D7}.Release|arm64.ActiveCfg = Release|Any CPU
		{B3BEC200-6469-48ED-9C5A-2515EBAC31D7}.Release|arm64.Build.0 = Release|Any CPU
		{B3BEC200-6469-48ED-9C5A-2515EBAC31D7}.Release|x86.ActiveCfg = Release|Any CPU
		{B3BEC200-6469-48ED-9C5A-2515EBAC31D7}.Release|x86.Build.0 = Release|Any CPU
		{74FC914F-A376-4B87-82BD-D2B483911400}.Debug|Any CPU.ActiveCfg = Debug|Any CPU
		{74FC914F-A376-4B87-82BD-D2B483911400}.Debug|Any CPU.Build.0 = Debug|Any CPU
		{74FC914F-A376-4B87-82BD-D2B483911400}.Debug|arm64.ActiveCfg = Debug|arm64
		{74FC914F-A376-4B87-82BD-D2B483911400}.Debug|arm64.Build.0 = Debug|arm64
		{74FC914F-A376-4B87-82BD-D2B483911400}.Debug|x86.ActiveCfg = Debug|x86
		{74FC914F-A376-4B87-82BD-D2B483911400}.Debug|x86.Build.0 = Debug|x86
		{74FC914F-A376-4B87-82BD-D2B483911400}.Release|Any CPU.ActiveCfg = Release|Any CPU
		{74FC914F-A376-4B87-82BD-D2B483911400}.Release|Any CPU.Build.0 = Release|Any CPU
		{74FC914F-A376-4B87-82BD-D2B483911400}.Release|arm64.ActiveCfg = Release|arm64
		{74FC914F-A376-4B87-82BD-D2B483911400}.Release|arm64.Build.0 = Release|arm64
		{74FC914F-A376-4B87-82BD-D2B483911400}.Release|x86.ActiveCfg = Release|x86
		{74FC914F-A376-4B87-82BD-D2B483911400}.Release|x86.Build.0 = Release|x86
		{9C9DD839-FD75-48F9-B3EF-70D23638DA3C}.Debug|Any CPU.ActiveCfg = Debug|Any CPU
		{9C9DD839-FD75-48F9-B3EF-70D23638DA3C}.Debug|Any CPU.Build.0 = Debug|Any CPU
		{9C9DD839-FD75-48F9-B3EF-70D23638DA3C}.Debug|arm64.ActiveCfg = Debug|Any CPU
		{9C9DD839-FD75-48F9-B3EF-70D23638DA3C}.Debug|arm64.Build.0 = Debug|Any CPU
		{9C9DD839-FD75-48F9-B3EF-70D23638DA3C}.Debug|x86.ActiveCfg = Debug|Any CPU
		{9C9DD839-FD75-48F9-B3EF-70D23638DA3C}.Debug|x86.Build.0 = Debug|Any CPU
		{9C9DD839-FD75-48F9-B3EF-70D23638DA3C}.Release|Any CPU.ActiveCfg = Release|Any CPU
		{9C9DD839-FD75-48F9-B3EF-70D23638DA3C}.Release|Any CPU.Build.0 = Release|Any CPU
		{9C9DD839-FD75-48F9-B3EF-70D23638DA3C}.Release|arm64.ActiveCfg = Release|Any CPU
		{9C9DD839-FD75-48F9-B3EF-70D23638DA3C}.Release|arm64.Build.0 = Release|Any CPU
		{9C9DD839-FD75-48F9-B3EF-70D23638DA3C}.Release|x86.ActiveCfg = Release|Any CPU
		{9C9DD839-FD75-48F9-B3EF-70D23638DA3C}.Release|x86.Build.0 = Release|Any CPU
		{8FAFE51E-5776-408C-A63B-0488ADD64D22}.Debug|Any CPU.ActiveCfg = Debug|Any CPU
		{8FAFE51E-5776-408C-A63B-0488ADD64D22}.Debug|Any CPU.Build.0 = Debug|Any CPU
		{8FAFE51E-5776-408C-A63B-0488ADD64D22}.Debug|arm64.ActiveCfg = Debug|arm64
		{8FAFE51E-5776-408C-A63B-0488ADD64D22}.Debug|arm64.Build.0 = Debug|arm64
		{8FAFE51E-5776-408C-A63B-0488ADD64D22}.Debug|x86.ActiveCfg = Debug|x86
		{8FAFE51E-5776-408C-A63B-0488ADD64D22}.Debug|x86.Build.0 = Debug|x86
		{8FAFE51E-5776-408C-A63B-0488ADD64D22}.Release|Any CPU.ActiveCfg = Release|Any CPU
		{8FAFE51E-5776-408C-A63B-0488ADD64D22}.Release|Any CPU.Build.0 = Release|Any CPU
		{8FAFE51E-5776-408C-A63B-0488ADD64D22}.Release|arm64.ActiveCfg = Release|arm64
		{8FAFE51E-5776-408C-A63B-0488ADD64D22}.Release|arm64.Build.0 = Release|arm64
		{8FAFE51E-5776-408C-A63B-0488ADD64D22}.Release|x86.ActiveCfg = Release|x86
		{8FAFE51E-5776-408C-A63B-0488ADD64D22}.Release|x86.Build.0 = Release|x86
		{9B1D6B12-E9F5-4E81-BC08-35B5E91636C4}.Debug|Any CPU.ActiveCfg = Debug|Any CPU
		{9B1D6B12-E9F5-4E81-BC08-35B5E91636C4}.Debug|Any CPU.Build.0 = Debug|Any CPU
		{9B1D6B12-E9F5-4E81-BC08-35B5E91636C4}.Debug|arm64.ActiveCfg = Debug|Any CPU
		{9B1D6B12-E9F5-4E81-BC08-35B5E91636C4}.Debug|arm64.Build.0 = Debug|Any CPU
		{9B1D6B12-E9F5-4E81-BC08-35B5E91636C4}.Debug|x86.ActiveCfg = Debug|Any CPU
		{9B1D6B12-E9F5-4E81-BC08-35B5E91636C4}.Debug|x86.Build.0 = Debug|Any CPU
		{9B1D6B12-E9F5-4E81-BC08-35B5E91636C4}.Release|Any CPU.ActiveCfg = Release|Any CPU
		{9B1D6B12-E9F5-4E81-BC08-35B5E91636C4}.Release|Any CPU.Build.0 = Release|Any CPU
		{9B1D6B12-E9F5-4E81-BC08-35B5E91636C4}.Release|arm64.ActiveCfg = Release|Any CPU
		{9B1D6B12-E9F5-4E81-BC08-35B5E91636C4}.Release|arm64.Build.0 = Release|Any CPU
		{9B1D6B12-E9F5-4E81-BC08-35B5E91636C4}.Release|x86.ActiveCfg = Release|Any CPU
		{9B1D6B12-E9F5-4E81-BC08-35B5E91636C4}.Release|x86.Build.0 = Release|Any CPU
		{36EFE2AF-2CF0-456B-AD9E-89AB8CE04514}.Debug|Any CPU.ActiveCfg = Debug|Any CPU
		{36EFE2AF-2CF0-456B-AD9E-89AB8CE04514}.Debug|Any CPU.Build.0 = Debug|Any CPU
		{36EFE2AF-2CF0-456B-AD9E-89AB8CE04514}.Debug|arm64.ActiveCfg = Debug|arm64
		{36EFE2AF-2CF0-456B-AD9E-89AB8CE04514}.Debug|arm64.Build.0 = Debug|arm64
		{36EFE2AF-2CF0-456B-AD9E-89AB8CE04514}.Debug|x86.ActiveCfg = Debug|x86
		{36EFE2AF-2CF0-456B-AD9E-89AB8CE04514}.Debug|x86.Build.0 = Debug|x86
		{36EFE2AF-2CF0-456B-AD9E-89AB8CE04514}.Release|Any CPU.ActiveCfg = Release|Any CPU
		{36EFE2AF-2CF0-456B-AD9E-89AB8CE04514}.Release|Any CPU.Build.0 = Release|Any CPU
		{36EFE2AF-2CF0-456B-AD9E-89AB8CE04514}.Release|arm64.ActiveCfg = Release|arm64
		{36EFE2AF-2CF0-456B-AD9E-89AB8CE04514}.Release|arm64.Build.0 = Release|arm64
		{36EFE2AF-2CF0-456B-AD9E-89AB8CE04514}.Release|x86.ActiveCfg = Release|x86
		{36EFE2AF-2CF0-456B-AD9E-89AB8CE04514}.Release|x86.Build.0 = Release|x86
	EndGlobalSection
	GlobalSection(SolutionProperties) = preSolution
		HideSolutionNode = FALSE
	EndGlobalSection
	GlobalSection(NestedProjects) = preSolution
		{917B2B93-11DF-4A72-86F9-B68D41178E58} = {04DAC3BA-4434-4084-9F86-07931BF14796}
		{326A5ACE-41D3-4E65-9B10-2D63BF33A310} = {917B2B93-11DF-4A72-86F9-B68D41178E58}
		{562149D4-2E11-4868-B894-5B76806CC43C} = {917B2B93-11DF-4A72-86F9-B68D41178E58}
		{81F900D6-6F99-4A7A-9D67-79189CB23486} = {917B2B93-11DF-4A72-86F9-B68D41178E58}
		{FEA34A08-73D9-42E1-8E75-135DFFF1161C} = {917B2B93-11DF-4A72-86F9-B68D41178E58}
		{457525CC-571A-4E81-83F8-D13F94FEAA3F} = {04DAC3BA-4434-4084-9F86-07931BF14796}
		{30FB4E8B-BE0B-4160-A4E2-3FA2D44F32C5} = {457525CC-571A-4E81-83F8-D13F94FEAA3F}
		{26F3E4DF-7E7E-4352-8396-7E98DEF47DC7} = {457525CC-571A-4E81-83F8-D13F94FEAA3F}
		{B3BEC200-6469-48ED-9C5A-2515EBAC31D7} = {457525CC-571A-4E81-83F8-D13F94FEAA3F}
		{74FC914F-A376-4B87-82BD-D2B483911400} = {457525CC-571A-4E81-83F8-D13F94FEAA3F}
		{D034179A-4849-4774-B68C-8BF7F8412582} = {06554CBC-C07C-4375-8660-ACB25B248156}
		{9F360682-C7E9-49BB-B77A-1DC4A2352E45} = {06554CBC-C07C-4375-8660-ACB25B248156}
		{9C9DD839-FD75-48F9-B3EF-70D23638DA3C} = {D034179A-4849-4774-B68C-8BF7F8412582}
		{8FAFE51E-5776-408C-A63B-0488ADD64D22} = {D034179A-4849-4774-B68C-8BF7F8412582}
		{9B1D6B12-E9F5-4E81-BC08-35B5E91636C4} = {9F360682-C7E9-49BB-B77A-1DC4A2352E45}
		{36EFE2AF-2CF0-456B-AD9E-89AB8CE04514} = {9F360682-C7E9-49BB-B77A-1DC4A2352E45}
	EndGlobalSection
	GlobalSection(ExtensibilityGlobals) = postSolution
		SolutionGuid = {9D948937-DF05-4A29-9F2E-4D249F066F9C}
	EndGlobalSection
EndGlobal
